// !$*UTF8*$!
{
	archiveVersion = 1;
	classes = {
	};
	objectVersion = 46;
	objects = {

/* Begin PBXBuildFile section */
		F256E65E1A4DE2900045D573 /* AppDelegate.swift in Sources */ = {isa = PBXBuildFile; fileRef = F256E65D1A4DE2900045D573 /* AppDelegate.swift */; };
		F256E6601A4DE2900045D573 /* ViewController.swift in Sources */ = {isa = PBXBuildFile; fileRef = F256E65F1A4DE2900045D573 /* ViewController.swift */; };
		F256E6631A4DE2900045D573 /* Main.storyboard in Resources */ = {isa = PBXBuildFile; fileRef = F256E6611A4DE2900045D573 /* Main.storyboard */; };
		F256E6651A4DE2900045D573 /* Images.xcassets in Resources */ = {isa = PBXBuildFile; fileRef = F256E6641A4DE2900045D573 /* Images.xcassets */; };
		F256E6681A4DE2900045D573 /* LaunchScreen.xib in Resources */ = {isa = PBXBuildFile; fileRef = F256E6661A4DE2900045D573 /* LaunchScreen.xib */; };
		F256E6741A4DE2900045D573 /* AdaptiveWeatherSwiftTests.swift in Sources */ = {isa = PBXBuildFile; fileRef = F256E6731A4DE2900045D573 /* AdaptiveWeatherSwiftTests.swift */; };
/* End PBXBuildFile section */

/* Begin PBXContainerItemProxy section */
		F256E66E1A4DE2900045D573 /* PBXContainerItemProxy */ = {
			isa = PBXContainerItemProxy;
			containerPortal = F256E6501A4DE2900045D573 /* Project object */;
			proxyType = 1;
			remoteGlobalIDString = F256E6571A4DE2900045D573;
			remoteInfo = AdaptiveWeatherSwift;
		};
/* End PBXContainerItemProxy section */

/* Begin PBXFileReference section */
		F256E6581A4DE2900045D573 /* AdaptiveWeatherSwift.app */ = {isa = PBXFileReference; explicitFileType = wrapper.application; includeInIndex = 0; path = AdaptiveWeatherSwift.app; sourceTree = BUILT_PRODUCTS_DIR; };
		F256E65C1A4DE2900045D573 /* Info.plist */ = {isa = PBXFileReference; lastKnownFileType = text.plist.xml; path = Info.plist; sourceTree = "<group>"; };
		F256E65D1A4DE2900045D573 /* AppDelegate.swift */ = {isa = PBXFileReference; lastKnownFileType = sourcecode.swift; path = AppDelegate.swift; sourceTree = "<group>"; };
		F256E65F1A4DE2900045D573 /* ViewController.swift */ = {isa = PBXFileReference; lastKnownFileType = sourcecode.swift; path = ViewController.swift; sourceTree = "<group>"; };
		F256E6621A4DE2900045D573 /* Base */ = {isa = PBXFileReference; lastKnownFileType = file.storyboard; name = Base; path = Base.lproj/Main.storyboard; sourceTree = "<group>"; };
		F256E6641A4DE2900045D573 /* Images.xcassets */ = {isa = PBXFileReference; lastKnownFileType = folder.assetcatalog; path = Images.xcassets; sourceTree = "<group>"; };
		F256E6671A4DE2900045D573 /* Base */ = {isa = PBXFileReference; lastKnownFileType = file.xib; name = Base; path = Base.lproj/LaunchScreen.xib; sourceTree = "<group>"; };
		F256E66D1A4DE2900045D573 /* AdaptiveWeatherSwiftTests.xctest */ = {isa = PBXFileReference; explicitFileType = wrapper.cfbundle; includeInIndex = 0; path = AdaptiveWeatherSwiftTests.xctest; sourceTree = BUILT_PRODUCTS_DIR; };
		F256E6721A4DE2900045D573 /* Info.plist */ = {isa = PBXFileReference; lastKnownFileType = text.plist.xml; path = Info.plist; sourceTree = "<group>"; };
		F256E6731A4DE2900045D573 /* AdaptiveWeatherSwiftTests.swift */ = {isa = PBXFileReference; lastKnownFileType = sourcecode.swift; path = AdaptiveWeatherSwiftTests.swift; sourceTree = "<group>"; };
/* End PBXFileReference section */

/* Begin PBXFrameworksBuildPhase section */
		F256E6551A4DE2900045D573 /* Frameworks */ = {
			isa = PBXFrameworksBuildPhase;
			buildActionMask = 2147483647;
			files = (
			);
			runOnlyForDeploymentPostprocessing = 0;
		};
		F256E66A1A4DE2900045D573 /* Frameworks */ = {
			isa = PBXFrameworksBuildPhase;
			buildActionMask = 2147483647;
			files = (
			);
			runOnlyForDeploymentPostprocessing = 0;
		};
/* End PBXFrameworksBuildPhase section */

/* Begin PBXGroup section */
		F256E64F1A4DE2900045D573 = {
			isa = PBXGroup;
			children = (
				F256E65A1A4DE2900045D573 /* AdaptiveWeatherSwift */,
				F256E6701A4DE2900045D573 /* AdaptiveWeatherSwiftTests */,
				F256E6591A4DE2900045D573 /* Products */,
			);
			sourceTree = "<group>";
		};
		F256E6591A4DE2900045D573 /* Products */ = {
			isa = PBXGroup;
			children = (
				F256E6581A4DE2900045D573 /* AdaptiveWeatherSwift.app */,
				F256E66D1A4DE2900045D573 /* AdaptiveWeatherSwiftTests.xctest */,
			);
			name = Products;
			sourceTree = "<group>";
		};
		F256E65A1A4DE2900045D573 /* AdaptiveWeatherSwift */ = {
			isa = PBXGroup;
			children = (
				F256E65D1A4DE2900045D573 /* AppDelegate.swift */,
				F256E65F1A4DE2900045D573 /* ViewController.swift */,
				F256E6611A4DE2900045D573 /* Main.storyboard */,
				F256E6641A4DE2900045D573 /* Images.xcassets */,
				F256E6661A4DE2900045D573 /* LaunchScreen.xib */,
				F256E65B1A4DE2900045D573 /* Supporting Files */,
			);
			path = AdaptiveWeatherSwift;
			sourceTree = "<group>";
		};
		F256E65B1A4DE2900045D573 /* Supporting Files */ = {
			isa = PBXGroup;
			children = (
				F256E65C1A4DE2900045D573 /* Info.plist */,
			);
			name = "Supporting Files";
			sourceTree = "<group>";
		};
		F256E6701A4DE2900045D573 /* AdaptiveWeatherSwiftTests */ = {
			isa = PBXGroup;
			children = (
				F256E6731A4DE2900045D573 /* AdaptiveWeatherSwiftTests.swift */,
				F256E6711A4DE2900045D573 /* Supporting Files */,
			);
			path = AdaptiveWeatherSwiftTests;
			sourceTree = "<group>";
		};
		F256E6711A4DE2900045D573 /* Supporting Files */ = {
			isa = PBXGroup;
			children = (
				F256E6721A4DE2900045D573 /* Info.plist */,
			);
			name = "Supporting Files";
			sourceTree = "<group>";
		};
/* End PBXGroup section */

/* Begin PBXNativeTarget section */
		F256E6571A4DE2900045D573 /* AdaptiveWeatherSwift */ = {
			isa = PBXNativeTarget;
			buildConfigurationList = F256E6771A4DE2900045D573 /* Build configuration list for PBXNativeTarget "AdaptiveWeatherSwift" */;
			buildPhases = (
				F256E6541A4DE2900045D573 /* Sources */,
				F256E6551A4DE2900045D573 /* Frameworks */,
				F256E6561A4DE2900045D573 /* Resources */,
			);
			buildRules = (
			);
			dependencies = (
			);
			name = AdaptiveWeatherSwift;
			productName = AdaptiveWeatherSwift;
			productReference = F256E6581A4DE2900045D573 /* AdaptiveWeatherSwift.app */;
			productType = "com.apple.product-type.application";
		};
		F256E66C1A4DE2900045D573 /* AdaptiveWeatherSwiftTests */ = {
			isa = PBXNativeTarget;
			buildConfigurationList = F256E67A1A4DE2900045D573 /* Build configuration list for PBXNativeTarget "AdaptiveWeatherSwiftTests" */;
			buildPhases = (
				F256E6691A4DE2900045D573 /* Sources */,
				F256E66A1A4DE2900045D573 /* Frameworks */,
				F256E66B1A4DE2900045D573 /* Resources */,
			);
			buildRules = (
			);
			dependencies = (
				F256E66F1A4DE2900045D573 /* PBXTargetDependency */,
			);
			name = AdaptiveWeatherSwiftTests;
			productName = AdaptiveWeatherSwiftTests;
			productReference = F256E66D1A4DE2900045D573 /* AdaptiveWeatherSwiftTests.xctest */;
			productType = "com.apple.product-type.bundle.unit-test";
		};
/* End PBXNativeTarget section */

/* Begin PBXProject section */
		F256E6501A4DE2900045D573 /* Project object */ = {
			isa = PBXProject;
			attributes = {
				LastUpgradeCheck = 0610;
				ORGANIZATIONNAME = "Tom Wilkins";
				TargetAttributes = {
					F256E6571A4DE2900045D573 = {
						CreatedOnToolsVersion = 6.1;
					};
					F256E66C1A4DE2900045D573 = {
						CreatedOnToolsVersion = 6.1;
						TestTargetID = F256E6571A4DE2900045D573;
					};
				};
			};
			buildConfigurationList = F256E6531A4DE2900045D573 /* Build configuration list for PBXProject "AdaptiveWeatherSwift" */;
			compatibilityVersion = "Xcode 3.2";
			developmentRegion = English;
			hasScannedForEncodings = 0;
			knownRegions = (
				en,
				Base,
			);
			mainGroup = F256E64F1A4DE2900045D573;
			productRefGroup = F256E6591A4DE2900045D573 /* Products */;
			projectDirPath = "";
			projectRoot = "";
			targets = (
				F256E6571A4DE2900045D573 /* AdaptiveWeatherSwift */,
				F256E66C1A4DE2900045D573 /* AdaptiveWeatherSwiftTests */,
			);
		};
/* End PBXProject section */

/* Begin PBXResourcesBuildPhase section */
		F256E6561A4DE2900045D573 /* Resources */ = {
			isa = PBXResourcesBuildPhase;
			buildActionMask = 2147483647;
			files = (
				F256E6631A4DE2900045D573 /* Main.storyboard in Resources */,
				F256E6681A4DE2900045D573 /* LaunchScreen.xib in Resources */,
				F256E6651A4DE2900045D573 /* Images.xcassets in Resources */,
			);
			runOnlyForDeploymentPostprocessing = 0;
		};
		F256E66B1A4DE2900045D573 /* Resources */ = {
			isa = PBXResourcesBuildPhase;
			buildActionMask = 2147483647;
			files = (
			);
			runOnlyForDeploymentPostprocessing = 0;
		};
/* End PBXResourcesBuildPhase section */

/* Begin PBXSourcesBuildPhase section */
		F256E6541A4DE2900045D573 /* Sources */ = {
			isa = PBXSourcesBuildPhase;
			buildActionMask = 2147483647;
			files = (
				F256E6601A4DE2900045D573 /* ViewController.swift in Sources */,
				F256E65E1A4DE2900045D573 /* AppDelegate.swift in Sources */,
			);
			runOnlyForDeploymentPostprocessing = 0;
		};
		F256E6691A4DE2900045D573 /* Sources */ = {
			isa = PBXSourcesBuildPhase;
			buildActionMask = 2147483647;
			files = (
				F256E6741A4DE2900045D573 /* AdaptiveWeatherSwiftTests.swift in Sources */,
			);
			runOnlyForDeploymentPostprocessing = 0;
		};
/* End PBXSourcesBuildPhase section */

/* Begin PBXTargetDependency section */
		F256E66F1A4DE2900045D573 /* PBXTargetDependency */ = {
			isa = PBXTargetDependency;
			target = F256E6571A4DE2900045D573 /* AdaptiveWeatherSwift */;
			targetProxy = F256E66E1A4DE2900045D573 /* PBXContainerItemProxy */;
		};
/* End PBXTargetDependency section */

/* Begin PBXVariantGroup section */
		F256E6611A4DE2900045D573 /* Main.storyboard */ = {
			isa = PBXVariantGroup;
			children = (
				F256E6621A4DE2900045D573 /* Base */,
			);
			name = Main.storyboard;
			sourceTree = "<group>";
		};
		F256E6661A4DE2900045D573 /* LaunchScreen.xib */ = {
			isa = PBXVariantGroup;
			children = (
				F256E6671A4DE2900045D573 /* Base */,
			);
			name = LaunchScreen.xib;
			sourceTree = "<group>";
		};
/* End PBXVariantGroup section */

/* Begin XCBuildConfiguration section */
		F256E6751A4DE2900045D573 /* Debug */ = {
			isa = XCBuildConfiguration;
			buildSettings = {
				ALWAYS_SEARCH_USER_PATHS = NO;
				CLANG_CXX_LANGUAGE_STANDARD = "gnu++0x";
				CLANG_CXX_LIBRARY = "libc++";
				CLANG_ENABLE_MODULES = YES;
				CLANG_ENABLE_OBJC_ARC = YES;
				CLANG_WARN_BOOL_CONVERSION = YES;
				CLANG_WARN_CONSTANT_CONVERSION = YES;
				CLANG_WARN_DIRECT_OBJC_ISA_USAGE = YES_ERROR;
				CLANG_WARN_EMPTY_BODY = YES;
				CLANG_WARN_ENUM_CONVERSION = YES;
				CLANG_WARN_INT_CONVERSION = YES;
				CLANG_WARN_OBJC_ROOT_CLASS = YES_ERROR;
				CLANG_WARN_UNREACHABLE_CODE = YES;
				CLANG_WARN__DUPLICATE_METHOD_MATCH = YES;
				"CODE_SIGN_IDENTITY[sdk=iphoneos*]" = "iPhone Developer";
				COPY_PHASE_STRIP = NO;
				ENABLE_STRICT_OBJC_MSGSEND = YES;
				GCC_C_LANGUAGE_STANDARD = gnu99;
				GCC_DYNAMIC_NO_PIC = NO;
				GCC_OPTIMIZATION_LEVEL = 0;
				GCC_PREPROCESSOR_DEFINITIONS = (
					"DEBUG=1",
					"$(inherited)",
				);
				GCC_SYMBOLS_PRIVATE_EXTERN = NO;
				GCC_WARN_64_TO_32_BIT_CONVERSION = YES;
				GCC_WARN_ABOUT_RETURN_TYPE = YES_ERROR;
				GCC_WARN_UNDECLARED_SELECTOR = YES;
				GCC_WARN_UNINITIALIZED_AUTOS = YES_AGGRESSIVE;
				GCC_WARN_UNUSED_FUNCTION = YES;
				GCC_WARN_UNUSED_VARIABLE = YES;
				IPHONEOS_DEPLOYMENT_TARGET = 8.1;
				MTL_ENABLE_DEBUG_INFO = YES;
				ONLY_ACTIVE_ARCH = YES;
				SDKROOT = iphoneos;
				SWIFT_OPTIMIZATION_LEVEL = "-Onone";
				TARGETED_DEVICE_FAMILY = "1,2";
			};
			name = Debug;
		};
		F256E6761A4DE2900045D573 /* Release */ = {
			isa = XCBuildConfiguration;
			buildSettings = {
				ALWAYS_SEARCH_USER_PATHS = NO;
				CLANG_CXX_LANGUAGE_STANDARD = "gnu++0x";
				CLANG_CXX_LIBRARY = "libc++";
				CLANG_ENABLE_MODULES = YES;
				CLANG_ENABLE_OBJC_ARC = YES;
				CLANG_WARN_BOOL_CONVERSION = YES;
				CLANG_WARN_CONSTANT_CONVERSION = YES;
				CLANG_WARN_DIRECT_OBJC_ISA_USAGE = YES_ERROR;
				CLANG_WARN_EMPTY_BODY = YES;
				CLANG_WARN_ENUM_CONVERSION = YES;
				CLANG_WARN_INT_CONVERSION = YES;
				CLANG_WARN_OBJC_ROOT_CLASS = YES_ERROR;
				CLANG_WARN_UNREACHABLE_CODE = YES;
				CLANG_WARN__DUPLICATE_METHOD_MATCH = YES;
				"CODE_SIGN_IDENTITY[sdk=iphoneos*]" = "iPhone Developer";
				COPY_PHASE_STRIP = YES;
				ENABLE_NS_ASSERTIONS = NO;
				ENABLE_STRICT_OBJC_MSGSEND = YES;
				GCC_C_LANGUAGE_STANDARD = gnu99;
				GCC_WARN_64_TO_32_BIT_CONVERSION = YES;
				GCC_WARN_ABOUT_RETURN_TYPE = YES_ERROR;
				GCC_WARN_UNDECLARED_SELECTOR = YES;
				GCC_WARN_UNINITIALIZED_AUTOS = YES_AGGRESSIVE;
				GCC_WARN_UNUSED_FUNCTION = YES;
				GCC_WARN_UNUSED_VARIABLE = YES;
				IPHONEOS_DEPLOYMENT_TARGET = 8.1;
				MTL_ENABLE_DEBUG_INFO = NO;
				SDKROOT = iphoneos;
				TARGETED_DEVICE_FAMILY = "1,2";
				VALIDATE_PRODUCT = YES;
			};
			name = Release;
		};
		F256E6781A4DE2900045D573 /* Debug */ = {
			isa = XCBuildConfiguration;
			buildSettings = {
				ASSETCATALOG_COMPILER_APPICON_NAME = AppIcon;
				INFOPLIST_FILE = AdaptiveWeatherSwift/Info.plist;
				LD_RUNPATH_SEARCH_PATHS = "$(inherited) @executable_path/Frameworks";
				PRODUCT_NAME = "$(TARGET_NAME)";
			};
			name = Debug;
		};
		F256E6791A4DE2900045D573 /* Release */ = {
			isa = XCBuildConfiguration;
			buildSettings = {
				ASSETCATALOG_COMPILER_APPICON_NAME = AppIcon;
				INFOPLIST_FILE = AdaptiveWeatherSwift/Info.plist;
				LD_RUNPATH_SEARCH_PATHS = "$(inherited) @executable_path/Frameworks";
				PRODUCT_NAME = "$(TARGET_NAME)";
			};
			name = Release;
		};
		F256E67B1A4DE2900045D573 /* Debug */ = {
			isa = XCBuildConfiguration;
			buildSettings = {
				BUNDLE_LOADER = "$(TEST_HOST)";
				FRAMEWORK_SEARCH_PATHS = (
					"$(SDKROOT)/Developer/Library/Frameworks",
					"$(inherited)",
				);
				GCC_PREPROCESSOR_DEFINITIONS = (
					"DEBUG=1",
					"$(inherited)",
				);
				INFOPLIST_FILE = AdaptiveWeatherSwiftTests/Info.plist;
				LD_RUNPATH_SEARCH_PATHS = "$(inherited) @executable_path/Frameworks @loader_path/Frameworks";
				PRODUCT_NAME = "$(TARGET_NAME)";
				TEST_HOST = "$(BUILT_PRODUCTS_DIR)/AdaptiveWeatherSwift.app/AdaptiveWeatherSwift";
			};
			name = Debug;
		};
		F256E67C1A4DE2900045D573 /* Release */ = {
			isa = XCBuildConfiguration;
			buildSettings = {
				BUNDLE_LOADER = "$(TEST_HOST)";
				FRAMEWORK_SEARCH_PATHS = (
					"$(SDKROOT)/Developer/Library/Frameworks",
					"$(inherited)",
				);
				INFOPLIST_FILE = AdaptiveWeatherSwiftTests/Info.plist;
				LD_RUNPATH_SEARCH_PATHS = "$(inherited) @executable_path/Frameworks @loader_path/Frameworks";
				PRODUCT_NAME = "$(TARGET_NAME)";
				TEST_HOST = "$(BUILT_PRODUCTS_DIR)/AdaptiveWeatherSwift.app/AdaptiveWeatherSwift";
			};
			name = Release;
		};
/* End XCBuildConfiguration section */

/* Begin XCConfigurationList section */
		F256E6531A4DE2900045D573 /* Build configuration list for PBXProject "AdaptiveWeatherSwift" */ = {
			isa = XCConfigurationList;
			buildConfigurations = (
				F256E6751A4DE2900045D573 /* Debug */,
				F256E6761A4DE2900045D573 /* Release */,
			);
			defaultConfigurationIsVisible = 0;
			defaultConfigurationName = Release;
		};
		F256E6771A4DE2900045D573 /* Build configuration list for PBXNativeTarget "AdaptiveWeatherSwift" */ = {
			isa = XCConfigurationList;
			buildConfigurations = (
				F256E6781A4DE2900045D573 /* Debug */,
				F256E6791A4DE2900045D573 /* Release */,
			);
			defaultConfigurationIsVisible = 0;
		};
		F256E67A1A4DE2900045D573 /* Build configuration list for PBXNativeTarget "AdaptiveWeatherSwiftTests" */ = {
			isa = XCConfigurationList;
			buildConfigurations = (
				F256E67B1A4DE2900045D573 /* Debug */,
				F256E67C1A4DE2900045D573 /* Release */,
			);
			defaultConfigurationIsVisible = 0;
		};
/* End XCConfigurationList section */
	};
	rootObject = F256E6501A4DE2900045D573 /* Project object */;
}
